
Microsoft Visual Studio Solution File, Format Version 12.00
# Visual Studio 2013
VisualStudioVersion = 12.0.40629.0
MinimumVisualStudioVersion = 10.0.40219.1
Project("{FAE04EC0-301F-11D3-BF4B-00C04F79EFBC}") = "1.SquareRoot", "Homework3-ExceptionHandling\1.SquareRoot.csproj", "{0F925DCD-D33D-4E34-921D-793C34D94690}"
EndProject
Project("{FAE04EC0-301F-11D3-BF4B-00C04F79EFBC}") = "2.EnterNumbers", "2.EnterNumbers\2.EnterNumbers.csproj", "{B8176E85-E642-4633-AA36-758FBA95600B}"
EndProject
Global
	GlobalSection(SolutionConfigurationPlatforms) = preSolution
		Debug|Any CPU = Debug|Any CPU
		Release|Any CPU = Release|Any CPU
	EndGlobalSection
	GlobalSection(ProjectConfigurationPlatforms) = postSolution
		{0F925DCD-D33D-4E34-921D-793C34D94690}.Debug|Any CPU.ActiveCfg = Debug|Any CPU
		{0F925DCD-D33D-4E34-921D-793C34D94690}.Debug|Any CPU.Build.0 = Debug|Any CPU
		{0F925DCD-D33D-4E34-921D-793C34D94690}.Release|Any CPU.ActiveCfg = Release|Any CPU
		{0F925DCD-D33D-4E34-921D-793C34D94690}.Release|Any CPU.Build.0 = Release|Any CPU
		{B8176E85-E642-4633-AA36-758FBA95600B}.Debug|Any CPU.ActiveCfg = Debug|Any CPU
		{B8176E85-E642-4633-AA36-758FBA95600B}.Debug|Any CPU.Build.0 = Debug|Any CPU
		{B8176E85-E642-4633-AA36-758FBA95600B}.Release|Any CPU.ActiveCfg = Release|Any CPU
		{B8176E85-E642-4633-AA36-758FBA95600B}.Release|Any CPU.Build.0 = Release|Any CPU
	EndGlobalSection
	GlobalSection(SolutionProperties) = preSolution
		HideSolutionNode = FALSE
	EndGlobalSection
EndGlobal
